
Microsoft Visual Studio Solution File, Format Version 12.00
# Visual Studio Version 16
VisualStudioVersion = 16.0.28822.285
MinimumVisualStudioVersion = 10.0.40219.1
Project("{FAE04EC0-301F-11D3-BF4B-00C04F79EFBC}") = "Test", "Test.csproj", "{518A4A19-03E0-4CF1-91C7-C8E96AC040D7}"
EndProject
Project("{9A19103F-16F7-4668-BE54-9A1E7A4F7556}") = "UmCanvas", "..\UmCanvas\UmCanvas.csproj", "{A408E9DE-4D67-45AF-900B-1DF5523C4868}"
EndProject
Global
	GlobalSection(SolutionConfigurationPlatforms) = preSolution
		Debug|Any CPU = Debug|Any CPU
		Release|Any CPU = Release|Any CPU
	EndGlobalSection
	GlobalSection(ProjectConfigurationPlatforms) = postSolution
		{518A4A19-03E0-4CF1-91C7-C8E96AC040D7}.Debug|Any CPU.ActiveCfg = Debug|Any CPU
		{518A4A19-03E0-4CF1-91C7-C8E96AC040D7}.Debug|Any CPU.Build.0 = Debug|Any CPU
		{518A4A19-03E0-4CF1-91C7-C8E96AC040D7}.Release|Any CPU.ActiveCfg = Release|Any CPU
		{518A4A19-03E0-4CF1-91C7-C8E96AC040D7}.Release|Any CPU.Build.0 = Release|Any CPU
		{A408E9DE-4D67-45AF-900B-1DF5523C4868}.Debug|Any CPU.ActiveCfg = Debug|Any CPU
		{A408E9DE-4D67-45AF-900B-1DF5523C4868}.Debug|Any CPU.Build.0 = Debug|Any CPU
		{A408E9DE-4D67-45AF-900B-1DF5523C4868}.Release|Any CPU.ActiveCfg = Release|Any CPU
		{A408E9DE-4D67-45AF-900B-1DF5523C4868}.Release|Any CPU.Build.0 = Release|Any CPU
	EndGlobalSection
	GlobalSection(SolutionProperties) = preSolution
		HideSolutionNode = FALSE
	EndGlobalSection
	GlobalSection(ExtensibilityGlobals) = postSolution
		SolutionGuid = {9EF54348-A36E-4C48-947B-86D74DD83143}
	EndGlobalSection
EndGlobal
